
Microsoft Visual Studio Solution File, Format Version 12.00
# Visual Studio Version 16
VisualStudioVersion = 16.0.29009.5
MinimumVisualStudioVersion = 10.0.40219.1
Project("{9A19103F-16F7-4668-BE54-9A1E7A4F7556}") = "WebAppUT", "WebAppUT\WebAppUT.csproj", "{CB8DEC06-CBC3-4FED-A6A7-A25B856F542D}"
EndProject
Project("{FAE04EC0-301F-11D3-BF4B-00C04F79EFBC}") = "UnitTestProject1", "UnitTestProject1\UnitTestProject1.csproj", "{F419F481-77E2-4357-879C-ED2837D2AB4E}"
EndProject
Project("{9A19103F-16F7-4668-BE54-9A1E7A4F7556}") = "WebAppR", "WebAppR\WebAppR.csproj", "{E7557094-C64C-4DB7-9FEA-7DE8BF980C7A}"
EndProject
Project("{9A19103F-16F7-4668-BE54-9A1E7A4F7556}") = "UnitTestProject2", "UnitTestProject2\UnitTestProject2.csproj", "{EF696816-D8F8-4144-BFD9-16FD3145D383}"
EndProject
Project("{9A19103F-16F7-4668-BE54-9A1E7A4F7556}") = "XUnitTestProject1", "XUnitTestProject1\XUnitTestProject1.csproj", "{57E66DC9-0B16-4A64-A7D5-3D377662EDB0}"
EndProject
Project("{FAE04EC0-301F-11D3-BF4B-00C04F79EFBC}") = "WebAndLoadTestProject1", "WebAndLoadTestProject1\WebAndLoadTestProject1.csproj", "{632C07A0-558A-4826-B779-40801723BAEF}"
EndProject
Project("{2150E333-8FDC-42A3-9474-1A3956D46DE8}") = "Solution Items", "Solution Items", "{6B95EB99-E16E-44E8-870E-C3658720087B}"
	ProjectSection(SolutionItems) = preProject
		Local.testsettings = Local.testsettings
	EndProjectSection
EndProject
Project("{9A19103F-16F7-4668-BE54-9A1E7A4F7556}") = "WebAppS", "WebAppS\WebAppS.csproj", "{C727756B-7CD8-45FB-BE15-391129150597}"
EndProject
Project("{9A19103F-16F7-4668-BE54-9A1E7A4F7556}") = "WebAppRR", "WebAppRR\WebAppRR.csproj", "{2E3EE04F-21D1-4242-A673-373E2C1B458F}"
EndProject
Project("{9A19103F-16F7-4668-BE54-9A1E7A4F7556}") = "WebAppSec", "WebAppSec\WebAppSec.csproj", "{27394B26-70A6-4277-AFA2-3F69A65081C6}"
EndProject
Project("{FAE04EC0-301F-11D3-BF4B-00C04F79EFBC}") = "WebApplication2", "WebApplication2\WebApplication2.csproj", "{E2CA1361-30C6-48BD-A7FC-C3126D4BE49D}"
EndProject
Project("{9A19103F-16F7-4668-BE54-9A1E7A4F7556}") = "WebApp22", "WebApp22\WebApp22.csproj", "{87A3E7DC-E637-4FC4-BBF5-5880075B3A56}"
EndProject
Project("{9A19103F-16F7-4668-BE54-9A1E7A4F7556}") = "WebApp21", "WebApp21\WebApp21.csproj", "{BE74D5C6-46FB-4FD8-8A2A-20EDEA41BDA3}"
EndProject
Project("{FAE04EC0-301F-11D3-BF4B-00C04F79EFBC}") = "WebSTTest", "WebSTTest\WebSTTest.csproj", "{B3DD67CD-6261-4606-A556-858A6A133B30}"
EndProject
Project("{FAE04EC0-301F-11D3-BF4B-00C04F79EFBC}") = "WebStTest2", "WebStTest2\WebStTest2.csproj", "{0D17633C-A0D1-4DA3-9BDB-F6E0D50100A7}"
EndProject
Project("{9A19103F-16F7-4668-BE54-9A1E7A4F7556}") = "WebAppA", "WebAppA\WebAppA.csproj", "{5DC07CB4-2D90-4059-A06C-BA2EF2D24703}"
EndProject
Project("{9A19103F-16F7-4668-BE54-9A1E7A4F7556}") = "DatingApp.API", "DatingApp.API\DatingApp.API.csproj", "{2A70694A-7BDE-4120-8EBB-05111359A695}"
EndProject
Project("{9A19103F-16F7-4668-BE54-9A1E7A4F7556}") = "DatingApp-SPA", "DatingApp-SPA\DatingApp-SPA.csproj", "{380C1F0F-1A0F-48B0-819F-46A1738E9CB2}"
EndProject
Project("{9A19103F-16F7-4668-BE54-9A1E7A4F7556}") = "ClassLibrary1", "ClassLibrary1\ClassLibrary1.csproj", "{75500D49-555C-45C6-882F-DBF6F683692C}"
EndProject
Project("{9A19103F-16F7-4668-BE54-9A1E7A4F7556}") = "ClassLibrary2", "ClassLibrary2\ClassLibrary2.csproj", "{5CEE0FDC-1B82-4084-8616-FA919F08BE4A}"
EndProject
Project("{9A19103F-16F7-4668-BE54-9A1E7A4F7556}") = "ClassLibrary3", "ClassLibrary3\ClassLibrary3.csproj", "{E5B80E34-9B11-4714-A4F7-661ADE88B853}"
EndProject
Project("{FAE04EC0-301F-11D3-BF4B-00C04F79EFBC}") = "ClassLibrary4", "ClassLibrary4\ClassLibrary4.csproj", "{60152ADC-766A-4FF6-B05A-5A7498DBD3A3}"
EndProject
Project("{9A19103F-16F7-4668-BE54-9A1E7A4F7556}") = "WebCoreIdentity", "WebCoreIdentity\WebCoreIdentity.csproj", "{2BAF8DCC-8813-4498-B770-88501F3FA429}"
EndProject
Project("{9A19103F-16F7-4668-BE54-9A1E7A4F7556}") = "WebAppCore", "WebAppCore\WebAppCore.csproj", "{BBA8EC29-492A-4349-ACD3-9B31789A47D0}"
EndProject
Project("{9A19103F-16F7-4668-BE54-9A1E7A4F7556}") = "WebAppCoreL", "WebAppCoreL\WebAppCoreL.csproj", "{1E77E068-1ADD-4BF6-B5DA-3B330B3CD1D7}"
EndProject
Project("{9A19103F-16F7-4668-BE54-9A1E7A4F7556}") = "WebAppD", "WebAppD\WebAppD.csproj", "{9296729D-748F-4B27-902C-87DEBAFB9032}"
EndProject
Project("{2150E333-8FDC-42A3-9474-1A3956D46DE8}") = "docker_config", "docker_config", "{6D25AA8F-C4B5-4016-9BCA-8831FE24E56C}"
EndProject
Project("{E53339B2-1760-4266-BCC7-CA923CBCF16C}") = "docker-compose", "docker-compose.dcproj", "{7E52A545-3E6B-4965-9161-05F5534E2218}"
EndProject
Project("{9A19103F-16F7-4668-BE54-9A1E7A4F7556}") = "WebCoreFB", "WebCoreFB\WebCoreFB.csproj", "{19AF473A-D874-4AF0-ADC0-B7AC15AEB47C}"
EndProject
Project("{9A19103F-16F7-4668-BE54-9A1E7A4F7556}") = "WebAppW", "WebAppW\WebAppW.csproj", "{A6B30583-AFED-4655-AF52-C4664A9EAB10}"
EndProject
Project("{9A19103F-16F7-4668-BE54-9A1E7A4F7556}") = "WebAppR3", "WebAppR3\WebAppR3.csproj", "{4929375B-C996-4EAE-9A8B-342D47820644}"
EndProject
Project("{FAE04EC0-301F-11D3-BF4B-00C04F79EFBC}") = "WebAppDS", "..\WebAppDS\WebAppDS.csproj", "{45D45072-2D53-478B-B6C8-51814F619604}"
EndProject
Global
	GlobalSection(SolutionConfigurationPlatforms) = preSolution
		Debug|Any CPU = Debug|Any CPU
		Release|Any CPU = Release|Any CPU
	EndGlobalSection
	GlobalSection(ProjectConfigurationPlatforms) = postSolution
		{CB8DEC06-CBC3-4FED-A6A7-A25B856F542D}.Debug|Any CPU.ActiveCfg = Debug|Any CPU
		{CB8DEC06-CBC3-4FED-A6A7-A25B856F542D}.Debug|Any CPU.Build.0 = Debug|Any CPU
		{CB8DEC06-CBC3-4FED-A6A7-A25B856F542D}.Release|Any CPU.ActiveCfg = Release|Any CPU
		{CB8DEC06-CBC3-4FED-A6A7-A25B856F542D}.Release|Any CPU.Build.0 = Release|Any CPU
		{F419F481-77E2-4357-879C-ED2837D2AB4E}.Debug|Any CPU.ActiveCfg = Debug|Any CPU
		{F419F481-77E2-4357-879C-ED2837D2AB4E}.Debug|Any CPU.Build.0 = Debug|Any CPU
		{F419F481-77E2-4357-879C-ED2837D2AB4E}.Release|Any CPU.ActiveCfg = Release|Any CPU
		{F419F481-77E2-4357-879C-ED2837D2AB4E}.Release|Any CPU.Build.0 = Release|Any CPU
		{E7557094-C64C-4DB7-9FEA-7DE8BF980C7A}.Debug|Any CPU.ActiveCfg = Debug|Any CPU
		{E7557094-C64C-4DB7-9FEA-7DE8BF980C7A}.Debug|Any CPU.Build.0 = Debug|Any CPU
		{E7557094-C64C-4DB7-9FEA-7DE8BF980C7A}.Release|Any CPU.ActiveCfg = Release|Any CPU
		{E7557094-C64C-4DB7-9FEA-7DE8BF980C7A}.Release|Any CPU.Build.0 = Release|Any CPU
		{EF696816-D8F8-4144-BFD9-16FD3145D383}.Debug|Any CPU.ActiveCfg = Debug|Any CPU
		{EF696816-D8F8-4144-BFD9-16FD3145D383}.Debug|Any CPU.Build.0 = Debug|Any CPU
		{EF696816-D8F8-4144-BFD9-16FD3145D383}.Release|Any CPU.ActiveCfg = Release|Any CPU
		{EF696816-D8F8-4144-BFD9-16FD3145D383}.Release|Any CPU.Build.0 = Release|Any CPU
		{57E66DC9-0B16-4A64-A7D5-3D377662EDB0}.Debug|Any CPU.ActiveCfg = Debug|Any CPU
		{57E66DC9-0B16-4A64-A7D5-3D377662EDB0}.Debug|Any CPU.Build.0 = Debug|Any CPU
		{57E66DC9-0B16-4A64-A7D5-3D377662EDB0}.Release|Any CPU.ActiveCfg = Release|Any CPU
		{57E66DC9-0B16-4A64-A7D5-3D377662EDB0}.Release|Any CPU.Build.0 = Release|Any CPU
		{632C07A0-558A-4826-B779-40801723BAEF}.Debug|Any CPU.ActiveCfg = Debug|Any CPU
		{632C07A0-558A-4826-B779-40801723BAEF}.Debug|Any CPU.Build.0 = Debug|Any CPU
		{632C07A0-558A-4826-B779-40801723BAEF}.Release|Any CPU.ActiveCfg = Release|Any CPU
		{632C07A0-558A-4826-B779-40801723BAEF}.Release|Any CPU.Build.0 = Release|Any CPU
		{C727756B-7CD8-45FB-BE15-391129150597}.Debug|Any CPU.ActiveCfg = Debug|Any CPU
		{C727756B-7CD8-45FB-BE15-391129150597}.Debug|Any CPU.Build.0 = Debug|Any CPU
		{C727756B-7CD8-45FB-BE15-391129150597}.Release|Any CPU.ActiveCfg = Release|Any CPU
		{C727756B-7CD8-45FB-BE15-391129150597}.Release|Any CPU.Build.0 = Release|Any CPU
		{2E3EE04F-21D1-4242-A673-373E2C1B458F}.Debug|Any CPU.ActiveCfg = Debug|Any CPU
		{2E3EE04F-21D1-4242-A673-373E2C1B458F}.Debug|Any CPU.Build.0 = Debug|Any CPU
		{2E3EE04F-21D1-4242-A673-373E2C1B458F}.Release|Any CPU.ActiveCfg = Release|Any CPU
		{2E3EE04F-21D1-4242-A673-373E2C1B458F}.Release|Any CPU.Build.0 = Release|Any CPU
		{27394B26-70A6-4277-AFA2-3F69A65081C6}.Debug|Any CPU.ActiveCfg = Debug|Any CPU
		{27394B26-70A6-4277-AFA2-3F69A65081C6}.Debug|Any CPU.Build.0 = Debug|Any CPU
		{27394B26-70A6-4277-AFA2-3F69A65081C6}.Release|Any CPU.ActiveCfg = Release|Any CPU
		{27394B26-70A6-4277-AFA2-3F69A65081C6}.Release|Any CPU.Build.0 = Release|Any CPU
		{E2CA1361-30C6-48BD-A7FC-C3126D4BE49D}.Debug|Any CPU.ActiveCfg = Debug|Any CPU
		{E2CA1361-30C6-48BD-A7FC-C3126D4BE49D}.Debug|Any CPU.Build.0 = Debug|Any CPU
		{E2CA1361-30C6-48BD-A7FC-C3126D4BE49D}.Release|Any CPU.ActiveCfg = Release|Any CPU
		{E2CA1361-30C6-48BD-A7FC-C3126D4BE49D}.Release|Any CPU.Build.0 = Release|Any CPU
		{87A3E7DC-E637-4FC4-BBF5-5880075B3A56}.Debug|Any CPU.ActiveCfg = Debug|Any CPU
		{87A3E7DC-E637-4FC4-BBF5-5880075B3A56}.Debug|Any CPU.Build.0 = Debug|Any CPU
		{87A3E7DC-E637-4FC4-BBF5-5880075B3A56}.Release|Any CPU.ActiveCfg = Release|Any CPU
		{87A3E7DC-E637-4FC4-BBF5-5880075B3A56}.Release|Any CPU.Build.0 = Release|Any CPU
		{BE74D5C6-46FB-4FD8-8A2A-20EDEA41BDA3}.Debug|Any CPU.ActiveCfg = Debug|Any CPU
		{BE74D5C6-46FB-4FD8-8A2A-20EDEA41BDA3}.Debug|Any CPU.Build.0 = Debug|Any CPU
		{BE74D5C6-46FB-4FD8-8A2A-20EDEA41BDA3}.Release|Any CPU.ActiveCfg = Release|Any CPU
		{BE74D5C6-46FB-4FD8-8A2A-20EDEA41BDA3}.Release|Any CPU.Build.0 = Release|Any CPU
		{B3DD67CD-6261-4606-A556-858A6A133B30}.Debug|Any CPU.ActiveCfg = Debug|Any CPU
		{B3DD67CD-6261-4606-A556-858A6A133B30}.Debug|Any CPU.Build.0 = Debug|Any CPU
		{B3DD67CD-6261-4606-A556-858A6A133B30}.Release|Any CPU.ActiveCfg = Release|Any CPU
		{B3DD67CD-6261-4606-A556-858A6A133B30}.Release|Any CPU.Build.0 = Release|Any CPU
		{0D17633C-A0D1-4DA3-9BDB-F6E0D50100A7}.Debug|Any CPU.ActiveCfg = Debug|Any CPU
		{0D17633C-A0D1-4DA3-9BDB-F6E0D50100A7}.Debug|Any CPU.Build.0 = Debug|Any CPU
		{0D17633C-A0D1-4DA3-9BDB-F6E0D50100A7}.Release|Any CPU.ActiveCfg = Release|Any CPU
		{0D17633C-A0D1-4DA3-9BDB-F6E0D50100A7}.Release|Any CPU.Build.0 = Release|Any CPU
		{5DC07CB4-2D90-4059-A06C-BA2EF2D24703}.Debug|Any CPU.ActiveCfg = Debug|Any CPU
		{5DC07CB4-2D90-4059-A06C-BA2EF2D24703}.Debug|Any CPU.Build.0 = Debug|Any CPU
		{5DC07CB4-2D90-4059-A06C-BA2EF2D24703}.Release|Any CPU.ActiveCfg = Release|Any CPU
		{5DC07CB4-2D90-4059-A06C-BA2EF2D24703}.Release|Any CPU.Build.0 = Release|Any CPU
		{2A70694A-7BDE-4120-8EBB-05111359A695}.Debug|Any CPU.ActiveCfg = Debug|Any CPU
		{2A70694A-7BDE-4120-8EBB-05111359A695}.Debug|Any CPU.Build.0 = Debug|Any CPU
		{2A70694A-7BDE-4120-8EBB-05111359A695}.Release|Any CPU.ActiveCfg = Release|Any CPU
		{2A70694A-7BDE-4120-8EBB-05111359A695}.Release|Any CPU.Build.0 = Release|Any CPU
		{380C1F0F-1A0F-48B0-819F-46A1738E9CB2}.Debug|Any CPU.ActiveCfg = Debug|Any CPU
		{380C1F0F-1A0F-48B0-819F-46A1738E9CB2}.Debug|Any CPU.Build.0 = Debug|Any CPU
		{380C1F0F-1A0F-48B0-819F-46A1738E9CB2}.Release|Any CPU.ActiveCfg = Release|Any CPU
		{380C1F0F-1A0F-48B0-819F-46A1738E9CB2}.Release|Any CPU.Build.0 = Release|Any CPU
		{75500D49-555C-45C6-882F-DBF6F683692C}.Debug|Any CPU.ActiveCfg = Debug|Any CPU
		{75500D49-555C-45C6-882F-DBF6F683692C}.Debug|Any CPU.Build.0 = Debug|Any CPU
		{75500D49-555C-45C6-882F-DBF6F683692C}.Release|Any CPU.ActiveCfg = Release|Any CPU
		{75500D49-555C-45C6-882F-DBF6F683692C}.Release|Any CPU.Build.0 = Release|Any CPU
		{5CEE0FDC-1B82-4084-8616-FA919F08BE4A}.Debug|Any CPU.ActiveCfg = Debug|Any CPU
		{5CEE0FDC-1B82-4084-8616-FA919F08BE4A}.Debug|Any CPU.Build.0 = Debug|Any CPU
		{5CEE0FDC-1B82-4084-8616-FA919F08BE4A}.Release|Any CPU.ActiveCfg = Release|Any CPU
		{5CEE0FDC-1B82-4084-8616-FA919F08BE4A}.Release|Any CPU.Build.0 = Release|Any CPU
		{E5B80E34-9B11-4714-A4F7-661ADE88B853}.Debug|Any CPU.ActiveCfg = Debug|Any CPU
		{E5B80E34-9B11-4714-A4F7-661ADE88B853}.Debug|Any CPU.Build.0 = Debug|Any CPU
		{E5B80E34-9B11-4714-A4F7-661ADE88B853}.Release|Any CPU.ActiveCfg = Release|Any CPU
		{E5B80E34-9B11-4714-A4F7-661ADE88B853}.Release|Any CPU.Build.0 = Release|Any CPU
		{60152ADC-766A-4FF6-B05A-5A7498DBD3A3}.Debug|Any CPU.ActiveCfg = Debug|Any CPU
		{60152ADC-766A-4FF6-B05A-5A7498DBD3A3}.Debug|Any CPU.Build.0 = Debug|Any CPU
		{60152ADC-766A-4FF6-B05A-5A7498DBD3A3}.Release|Any CPU.ActiveCfg = Release|Any CPU
		{60152ADC-766A-4FF6-B05A-5A7498DBD3A3}.Release|Any CPU.Build.0 = Release|Any CPU
		{2BAF8DCC-8813-4498-B770-88501F3FA429}.Debug|Any CPU.ActiveCfg = Debug|Any CPU
		{2BAF8DCC-8813-4498-B770-88501F3FA429}.Debug|Any CPU.Build.0 = Debug|Any CPU
		{2BAF8DCC-8813-4498-B770-88501F3FA429}.Release|Any CPU.ActiveCfg = Release|Any CPU
		{2BAF8DCC-8813-4498-B770-88501F3FA429}.Release|Any CPU.Build.0 = Release|Any CPU
		{BBA8EC29-492A-4349-ACD3-9B31789A47D0}.Debug|Any CPU.ActiveCfg = Debug|Any CPU
		{BBA8EC29-492A-4349-ACD3-9B31789A47D0}.Debug|Any CPU.Build.0 = Debug|Any CPU
		{BBA8EC29-492A-4349-ACD3-9B31789A47D0}.Release|Any CPU.ActiveCfg = Release|Any CPU
		{BBA8EC29-492A-4349-ACD3-9B31789A47D0}.Release|Any CPU.Build.0 = Release|Any CPU
		{1E77E068-1ADD-4BF6-B5DA-3B330B3CD1D7}.Debug|Any CPU.ActiveCfg = Debug|Any CPU
		{1E77E068-1ADD-4BF6-B5DA-3B330B3CD1D7}.Debug|Any CPU.Build.0 = Debug|Any CPU
		{1E77E068-1ADD-4BF6-B5DA-3B330B3CD1D7}.Release|Any CPU.ActiveCfg = Release|Any CPU
		{1E77E068-1ADD-4BF6-B5DA-3B330B3CD1D7}.Release|Any CPU.Build.0 = Release|Any CPU
		{9296729D-748F-4B27-902C-87DEBAFB9032}.Debug|Any CPU.ActiveCfg = Debug|Any CPU
		{9296729D-748F-4B27-902C-87DEBAFB9032}.Debug|Any CPU.Build.0 = Debug|Any CPU
		{9296729D-748F-4B27-902C-87DEBAFB9032}.Release|Any CPU.ActiveCfg = Release|Any CPU
		{9296729D-748F-4B27-902C-87DEBAFB9032}.Release|Any CPU.Build.0 = Release|Any CPU
		{7E52A545-3E6B-4965-9161-05F5534E2218}.Debug|Any CPU.ActiveCfg = Debug|Any CPU
		{7E52A545-3E6B-4965-9161-05F5534E2218}.Debug|Any CPU.Build.0 = Debug|Any CPU
		{7E52A545-3E6B-4965-9161-05F5534E2218}.Release|Any CPU.ActiveCfg = Release|Any CPU
		{7E52A545-3E6B-4965-9161-05F5534E2218}.Release|Any CPU.Build.0 = Release|Any CPU
		{19AF473A-D874-4AF0-ADC0-B7AC15AEB47C}.Debug|Any CPU.ActiveCfg = Debug|Any CPU
		{19AF473A-D874-4AF0-ADC0-B7AC15AEB47C}.Debug|Any CPU.Build.0 = Debug|Any CPU
		{19AF473A-D874-4AF0-ADC0-B7AC15AEB47C}.Release|Any CPU.ActiveCfg = Release|Any CPU
		{19AF473A-D874-4AF0-ADC0-B7AC15AEB47C}.Release|Any CPU.Build.0 = Release|Any CPU
		{A6B30583-AFED-4655-AF52-C4664A9EAB10}.Debug|Any CPU.ActiveCfg = Debug|Any CPU
		{A6B30583-AFED-4655-AF52-C4664A9EAB10}.Debug|Any CPU.Build.0 = Debug|Any CPU
		{A6B30583-AFED-4655-AF52-C4664A9EAB10}.Release|Any CPU.ActiveCfg = Release|Any CPU
		{A6B30583-AFED-4655-AF52-C4664A9EAB10}.Release|Any CPU.Build.0 = Release|Any CPU
		{4929375B-C996-4EAE-9A8B-342D47820644}.Debug|Any CPU.ActiveCfg = Debug|Any CPU
		{4929375B-C996-4EAE-9A8B-342D47820644}.Debug|Any CPU.Build.0 = Debug|Any CPU
		{4929375B-C996-4EAE-9A8B-342D47820644}.Release|Any CPU.ActiveCfg = Release|Any CPU
		{4929375B-C996-4EAE-9A8B-342D47820644}.Release|Any CPU.Build.0 = Release|Any CPU
		{45D45072-2D53-478B-B6C8-51814F619604}.Debug|Any CPU.ActiveCfg = Debug|Any CPU
		{45D45072-2D53-478B-B6C8-51814F619604}.Debug|Any CPU.Build.0 = Debug|Any CPU
		{45D45072-2D53-478B-B6C8-51814F619604}.Release|Any CPU.ActiveCfg = Release|Any CPU
		{45D45072-2D53-478B-B6C8-51814F619604}.Release|Any CPU.Build.0 = Release|Any CPU
	EndGlobalSection
	GlobalSection(SolutionProperties) = preSolution
		HideSolutionNode = FALSE
	EndGlobalSection
	GlobalSection(ExtensibilityGlobals) = postSolution
		SolutionGuid = {5CB271FD-C773-4FBC-90AC-D10CADFB3AAF}
	EndGlobalSection
EndGlobal
