
Microsoft Visual Studio Solution File, Format Version 12.00
# Visual Studio 15
VisualStudioVersion = 15.0.28010.2026
MinimumVisualStudioVersion = 10.0.40219.1
Project("{9A19103F-16F7-4668-BE54-9A1E7A4F7556}") = "WebAppUT", "WebAppUT\WebAppUT.csproj", "{CB8DEC06-CBC3-4FED-A6A7-A25B856F542D}"
EndProject
Project("{FAE04EC0-301F-11D3-BF4B-00C04F79EFBC}") = "UnitTestProject1", "UnitTestProject1\UnitTestProject1.csproj", "{F419F481-77E2-4357-879C-ED2837D2AB4E}"
EndProject
Project("{9A19103F-16F7-4668-BE54-9A1E7A4F7556}") = "WebAppR", "WebAppR\WebAppR.csproj", "{E7557094-C64C-4DB7-9FEA-7DE8BF980C7A}"
EndProject
Project("{9A19103F-16F7-4668-BE54-9A1E7A4F7556}") = "UnitTestProject2", "UnitTestProject2\UnitTestProject2.csproj", "{EF696816-D8F8-4144-BFD9-16FD3145D383}"
EndProject
Project("{9A19103F-16F7-4668-BE54-9A1E7A4F7556}") = "XUnitTestProject1", "XUnitTestProject1\XUnitTestProject1.csproj", "{57E66DC9-0B16-4A64-A7D5-3D377662EDB0}"
EndProject
Project("{FAE04EC0-301F-11D3-BF4B-00C04F79EFBC}") = "WebAndLoadTestProject1", "WebAndLoadTestProject1\WebAndLoadTestProject1.csproj", "{632C07A0-558A-4826-B779-40801723BAEF}"
EndProject
Project("{2150E333-8FDC-42A3-9474-1A3956D46DE8}") = "Solution Items", "Solution Items", "{6B95EB99-E16E-44E8-870E-C3658720087B}"
	ProjectSection(SolutionItems) = preProject
		Local.testsettings = Local.testsettings
	EndProjectSection
EndProject
Project("{9A19103F-16F7-4668-BE54-9A1E7A4F7556}") = "WebAppS", "WebAppS\WebAppS.csproj", "{C727756B-7CD8-45FB-BE15-391129150597}"
EndProject
Project("{9A19103F-16F7-4668-BE54-9A1E7A4F7556}") = "WebAppRR", "WebAppRR\WebAppRR.csproj", "{2E3EE04F-21D1-4242-A673-373E2C1B458F}"
EndProject
Project("{9A19103F-16F7-4668-BE54-9A1E7A4F7556}") = "WebAppSec", "WebAppSec\WebAppSec.csproj", "{27394B26-70A6-4277-AFA2-3F69A65081C6}"
EndProject
Project("{9A19103F-16F7-4668-BE54-9A1E7A4F7556}") = "WebAppSec3", "WebAppSec3\WebAppSec3.csproj", "{1B39DEBB-F24A-4B65-B635-8B200551E099}"
EndProject
Project("{FAE04EC0-301F-11D3-BF4B-00C04F79EFBC}") = "WebApplication2", "WebApplication2\WebApplication2.csproj", "{E2CA1361-30C6-48BD-A7FC-C3126D4BE49D}"
EndProject
Project("{9A19103F-16F7-4668-BE54-9A1E7A4F7556}") = "WebApp22", "WebApp22\WebApp22.csproj", "{87A3E7DC-E637-4FC4-BBF5-5880075B3A56}"
EndProject
Project("{9A19103F-16F7-4668-BE54-9A1E7A4F7556}") = "WebApp21", "WebApp21\WebApp21.csproj", "{BE74D5C6-46FB-4FD8-8A2A-20EDEA41BDA3}"
EndProject
Project("{FAE04EC0-301F-11D3-BF4B-00C04F79EFBC}") = "WebSTTest", "WebSTTest\WebSTTest.csproj", "{B3DD67CD-6261-4606-A556-858A6A133B30}"
EndProject
Project("{FAE04EC0-301F-11D3-BF4B-00C04F79EFBC}") = "WebStTest2", "WebStTest2\WebStTest2.csproj", "{0D17633C-A0D1-4DA3-9BDB-F6E0D50100A7}"
EndProject
Global
	GlobalSection(SolutionConfigurationPlatforms) = preSolution
		Debug|Any CPU = Debug|Any CPU
		Release|Any CPU = Release|Any CPU
	EndGlobalSection
	GlobalSection(ProjectConfigurationPlatforms) = postSolution
		{CB8DEC06-CBC3-4FED-A6A7-A25B856F542D}.Debug|Any CPU.ActiveCfg = Debug|Any CPU
		{CB8DEC06-CBC3-4FED-A6A7-A25B856F542D}.Debug|Any CPU.Build.0 = Debug|Any CPU
		{CB8DEC06-CBC3-4FED-A6A7-A25B856F542D}.Release|Any CPU.ActiveCfg = Release|Any CPU
		{CB8DEC06-CBC3-4FED-A6A7-A25B856F542D}.Release|Any CPU.Build.0 = Release|Any CPU
		{F419F481-77E2-4357-879C-ED2837D2AB4E}.Debug|Any CPU.ActiveCfg = Debug|Any CPU
		{F419F481-77E2-4357-879C-ED2837D2AB4E}.Debug|Any CPU.Build.0 = Debug|Any CPU
		{F419F481-77E2-4357-879C-ED2837D2AB4E}.Release|Any CPU.ActiveCfg = Release|Any CPU
		{F419F481-77E2-4357-879C-ED2837D2AB4E}.Release|Any CPU.Build.0 = Release|Any CPU
		{E7557094-C64C-4DB7-9FEA-7DE8BF980C7A}.Debug|Any CPU.ActiveCfg = Debug|Any CPU
		{E7557094-C64C-4DB7-9FEA-7DE8BF980C7A}.Debug|Any CPU.Build.0 = Debug|Any CPU
		{E7557094-C64C-4DB7-9FEA-7DE8BF980C7A}.Release|Any CPU.ActiveCfg = Release|Any CPU
		{E7557094-C64C-4DB7-9FEA-7DE8BF980C7A}.Release|Any CPU.Build.0 = Release|Any CPU
		{EF696816-D8F8-4144-BFD9-16FD3145D383}.Debug|Any CPU.ActiveCfg = Debug|Any CPU
		{EF696816-D8F8-4144-BFD9-16FD3145D383}.Debug|Any CPU.Build.0 = Debug|Any CPU
		{EF696816-D8F8-4144-BFD9-16FD3145D383}.Release|Any CPU.ActiveCfg = Release|Any CPU
		{EF696816-D8F8-4144-BFD9-16FD3145D383}.Release|Any CPU.Build.0 = Release|Any CPU
		{57E66DC9-0B16-4A64-A7D5-3D377662EDB0}.Debug|Any CPU.ActiveCfg = Debug|Any CPU
		{57E66DC9-0B16-4A64-A7D5-3D377662EDB0}.Debug|Any CPU.Build.0 = Debug|Any CPU
		{57E66DC9-0B16-4A64-A7D5-3D377662EDB0}.Release|Any CPU.ActiveCfg = Release|Any CPU
		{57E66DC9-0B16-4A64-A7D5-3D377662EDB0}.Release|Any CPU.Build.0 = Release|Any CPU
		{632C07A0-558A-4826-B779-40801723BAEF}.Debug|Any CPU.ActiveCfg = Debug|Any CPU
		{632C07A0-558A-4826-B779-40801723BAEF}.Debug|Any CPU.Build.0 = Debug|Any CPU
		{632C07A0-558A-4826-B779-40801723BAEF}.Release|Any CPU.ActiveCfg = Release|Any CPU
		{632C07A0-558A-4826-B779-40801723BAEF}.Release|Any CPU.Build.0 = Release|Any CPU
		{C727756B-7CD8-45FB-BE15-391129150597}.Debug|Any CPU.ActiveCfg = Debug|Any CPU
		{C727756B-7CD8-45FB-BE15-391129150597}.Debug|Any CPU.Build.0 = Debug|Any CPU
		{C727756B-7CD8-45FB-BE15-391129150597}.Release|Any CPU.ActiveCfg = Release|Any CPU
		{C727756B-7CD8-45FB-BE15-391129150597}.Release|Any CPU.Build.0 = Release|Any CPU
		{2E3EE04F-21D1-4242-A673-373E2C1B458F}.Debug|Any CPU.ActiveCfg = Debug|Any CPU
		{2E3EE04F-21D1-4242-A673-373E2C1B458F}.Debug|Any CPU.Build.0 = Debug|Any CPU
		{2E3EE04F-21D1-4242-A673-373E2C1B458F}.Release|Any CPU.ActiveCfg = Release|Any CPU
		{2E3EE04F-21D1-4242-A673-373E2C1B458F}.Release|Any CPU.Build.0 = Release|Any CPU
		{27394B26-70A6-4277-AFA2-3F69A65081C6}.Debug|Any CPU.ActiveCfg = Debug|Any CPU
		{27394B26-70A6-4277-AFA2-3F69A65081C6}.Debug|Any CPU.Build.0 = Debug|Any CPU
		{27394B26-70A6-4277-AFA2-3F69A65081C6}.Release|Any CPU.ActiveCfg = Release|Any CPU
		{27394B26-70A6-4277-AFA2-3F69A65081C6}.Release|Any CPU.Build.0 = Release|Any CPU
		{1B39DEBB-F24A-4B65-B635-8B200551E099}.Debug|Any CPU.ActiveCfg = Debug|Any CPU
		{1B39DEBB-F24A-4B65-B635-8B200551E099}.Debug|Any CPU.Build.0 = Debug|Any CPU
		{1B39DEBB-F24A-4B65-B635-8B200551E099}.Release|Any CPU.ActiveCfg = Release|Any CPU
		{1B39DEBB-F24A-4B65-B635-8B200551E099}.Release|Any CPU.Build.0 = Release|Any CPU
		{E2CA1361-30C6-48BD-A7FC-C3126D4BE49D}.Debug|Any CPU.ActiveCfg = Debug|Any CPU
		{E2CA1361-30C6-48BD-A7FC-C3126D4BE49D}.Debug|Any CPU.Build.0 = Debug|Any CPU
		{E2CA1361-30C6-48BD-A7FC-C3126D4BE49D}.Release|Any CPU.ActiveCfg = Release|Any CPU
		{E2CA1361-30C6-48BD-A7FC-C3126D4BE49D}.Release|Any CPU.Build.0 = Release|Any CPU
		{87A3E7DC-E637-4FC4-BBF5-5880075B3A56}.Debug|Any CPU.ActiveCfg = Debug|Any CPU
		{87A3E7DC-E637-4FC4-BBF5-5880075B3A56}.Debug|Any CPU.Build.0 = Debug|Any CPU
		{87A3E7DC-E637-4FC4-BBF5-5880075B3A56}.Release|Any CPU.ActiveCfg = Release|Any CPU
		{87A3E7DC-E637-4FC4-BBF5-5880075B3A56}.Release|Any CPU.Build.0 = Release|Any CPU
		{BE74D5C6-46FB-4FD8-8A2A-20EDEA41BDA3}.Debug|Any CPU.ActiveCfg = Debug|Any CPU
		{BE74D5C6-46FB-4FD8-8A2A-20EDEA41BDA3}.Debug|Any CPU.Build.0 = Debug|Any CPU
		{BE74D5C6-46FB-4FD8-8A2A-20EDEA41BDA3}.Release|Any CPU.ActiveCfg = Release|Any CPU
		{BE74D5C6-46FB-4FD8-8A2A-20EDEA41BDA3}.Release|Any CPU.Build.0 = Release|Any CPU
		{B3DD67CD-6261-4606-A556-858A6A133B30}.Debug|Any CPU.ActiveCfg = Debug|Any CPU
		{B3DD67CD-6261-4606-A556-858A6A133B30}.Debug|Any CPU.Build.0 = Debug|Any CPU
		{B3DD67CD-6261-4606-A556-858A6A133B30}.Release|Any CPU.ActiveCfg = Release|Any CPU
		{B3DD67CD-6261-4606-A556-858A6A133B30}.Release|Any CPU.Build.0 = Release|Any CPU
		{0D17633C-A0D1-4DA3-9BDB-F6E0D50100A7}.Debug|Any CPU.ActiveCfg = Debug|Any CPU
		{0D17633C-A0D1-4DA3-9BDB-F6E0D50100A7}.Debug|Any CPU.Build.0 = Debug|Any CPU
		{0D17633C-A0D1-4DA3-9BDB-F6E0D50100A7}.Release|Any CPU.ActiveCfg = Release|Any CPU
		{0D17633C-A0D1-4DA3-9BDB-F6E0D50100A7}.Release|Any CPU.Build.0 = Release|Any CPU
	EndGlobalSection
	GlobalSection(SolutionProperties) = preSolution
		HideSolutionNode = FALSE
	EndGlobalSection
	GlobalSection(ExtensibilityGlobals) = postSolution
		SolutionGuid = {5CB271FD-C773-4FBC-90AC-D10CADFB3AAF}
	EndGlobalSection
EndGlobal
